
Microsoft Visual Studio Solution File, Format Version 12.00
# Visual Studio Version 17
VisualStudioVersion = 17.14.36401.2
MinimumVisualStudioVersion = 10.0.40219.1
Project("{FAE04EC0-301F-11D3-BF4B-00C04F79EFBC}") = "ListyIterator", "ListyIterator\ListyIterator.csproj", "{36C57730-BD59-432C-9B78-39CF21FDA336}"
EndProject
Project("{FAE04EC0-301F-11D3-BF4B-00C04F79EFBC}") = "StackIterator", "StackIterator\StackIterator.csproj", "{A3ED3D66-A0B8-420F-A791-35D5621E38FC}"
EndProject
Project("{FAE04EC0-301F-11D3-BF4B-00C04F79EFBC}") = "Froggy", "Froggy\Froggy.csproj", "{C4B3BC51-0C2B-45AC-9EA4-C646DF753813}"
EndProject
Project("{FAE04EC0-301F-11D3-BF4B-00C04F79EFBC}") = "ComparingObjects", "ComparingObjects\ComparingObjects.csproj", "{17450E33-11EB-4B6C-B833-F78171622FF8}"
EndProject
Global
	GlobalSection(SolutionConfigurationPlatforms) = preSolution
		Debug|Any CPU = Debug|Any CPU
		Release|Any CPU = Release|Any CPU
	EndGlobalSection
	GlobalSection(ProjectConfigurationPlatforms) = postSolution
		{36C57730-BD59-432C-9B78-39CF21FDA336}.Debug|Any CPU.ActiveCfg = Debug|Any CPU
		{36C57730-BD59-432C-9B78-39CF21FDA336}.Debug|Any CPU.Build.0 = Debug|Any CPU
		{36C57730-BD59-432C-9B78-39CF21FDA336}.Release|Any CPU.ActiveCfg = Release|Any CPU
		{36C57730-BD59-432C-9B78-39CF21FDA336}.Release|Any CPU.Build.0 = Release|Any CPU
		{A3ED3D66-A0B8-420F-A791-35D5621E38FC}.Debug|Any CPU.ActiveCfg = Debug|Any CPU
		{A3ED3D66-A0B8-420F-A791-35D5621E38FC}.Debug|Any CPU.Build.0 = Debug|Any CPU
		{A3ED3D66-A0B8-420F-A791-35D5621E38FC}.Release|Any CPU.ActiveCfg = Release|Any CPU
		{A3ED3D66-A0B8-420F-A791-35D5621E38FC}.Release|Any CPU.Build.0 = Release|Any CPU
		{C4B3BC51-0C2B-45AC-9EA4-C646DF753813}.Debug|Any CPU.ActiveCfg = Debug|Any CPU
		{C4B3BC51-0C2B-45AC-9EA4-C646DF753813}.Debug|Any CPU.Build.0 = Debug|Any CPU
		{C4B3BC51-0C2B-45AC-9EA4-C646DF753813}.Release|Any CPU.ActiveCfg = Release|Any CPU
		{C4B3BC51-0C2B-45AC-9EA4-C646DF753813}.Release|Any CPU.Build.0 = Release|Any CPU
		{17450E33-11EB-4B6C-B833-F78171622FF8}.Debug|Any CPU.ActiveCfg = Debug|Any CPU
		{17450E33-11EB-4B6C-B833-F78171622FF8}.Debug|Any CPU.Build.0 = Debug|Any CPU
		{17450E33-11EB-4B6C-B833-F78171622FF8}.Release|Any CPU.ActiveCfg = Release|Any CPU
		{17450E33-11EB-4B6C-B833-F78171622FF8}.Release|Any CPU.Build.0 = Release|Any CPU
	EndGlobalSection
	GlobalSection(SolutionProperties) = preSolution
		HideSolutionNode = FALSE
	EndGlobalSection
	GlobalSection(ExtensibilityGlobals) = postSolution
		SolutionGuid = {EBEC30EB-207B-4446-A486-130F5B4FAB93}
	EndGlobalSection
EndGlobal
