
Microsoft Visual Studio Solution File, Format Version 12.00
# Visual Studio Version 17
VisualStudioVersion = 17.14.36401.2
MinimumVisualStudioVersion = 10.0.40219.1
Project("{FAE04EC0-301F-11D3-BF4B-00C04F79EFBC}") = "01.UniqueUsernames", "01.UniqueUsernames\01.UniqueUsernames.csproj", "{BB8E7EDC-9ED1-4F2D-AD1E-95C19E244A40}"
EndProject
Project("{FAE04EC0-301F-11D3-BF4B-00C04F79EFBC}") = "02.SetsOfElements", "02.SetsOfElements\02.SetsOfElements.csproj", "{0B3BD104-7EC6-4AFD-B0D5-F3BBE906EA8D}"
EndProject
Project("{FAE04EC0-301F-11D3-BF4B-00C04F79EFBC}") = "03.PeriodicTable", "03.PeriodicTable\03.PeriodicTable.csproj", "{54B85571-FCFE-4849-AF84-35D55192CEC5}"
EndProject
Project("{FAE04EC0-301F-11D3-BF4B-00C04F79EFBC}") = "04.EvenTimes", "04.EvenTimes\04.EvenTimes.csproj", "{9AD83092-0AD4-493C-A299-59C3284677FE}"
EndProject
Global
	GlobalSection(SolutionConfigurationPlatforms) = preSolution
		Debug|Any CPU = Debug|Any CPU
		Release|Any CPU = Release|Any CPU
	EndGlobalSection
	GlobalSection(ProjectConfigurationPlatforms) = postSolution
		{BB8E7EDC-9ED1-4F2D-AD1E-95C19E244A40}.Debug|Any CPU.ActiveCfg = Debug|Any CPU
		{BB8E7EDC-9ED1-4F2D-AD1E-95C19E244A40}.Debug|Any CPU.Build.0 = Debug|Any CPU
		{BB8E7EDC-9ED1-4F2D-AD1E-95C19E244A40}.Release|Any CPU.ActiveCfg = Release|Any CPU
		{BB8E7EDC-9ED1-4F2D-AD1E-95C19E244A40}.Release|Any CPU.Build.0 = Release|Any CPU
		{0B3BD104-7EC6-4AFD-B0D5-F3BBE906EA8D}.Debug|Any CPU.ActiveCfg = Debug|Any CPU
		{0B3BD104-7EC6-4AFD-B0D5-F3BBE906EA8D}.Debug|Any CPU.Build.0 = Debug|Any CPU
		{0B3BD104-7EC6-4AFD-B0D5-F3BBE906EA8D}.Release|Any CPU.ActiveCfg = Release|Any CPU
		{0B3BD104-7EC6-4AFD-B0D5-F3BBE906EA8D}.Release|Any CPU.Build.0 = Release|Any CPU
		{54B85571-FCFE-4849-AF84-35D55192CEC5}.Debug|Any CPU.ActiveCfg = Debug|Any CPU
		{54B85571-FCFE-4849-AF84-35D55192CEC5}.Debug|Any CPU.Build.0 = Debug|Any CPU
		{54B85571-FCFE-4849-AF84-35D55192CEC5}.Release|Any CPU.ActiveCfg = Release|Any CPU
		{54B85571-FCFE-4849-AF84-35D55192CEC5}.Release|Any CPU.Build.0 = Release|Any CPU
		{9AD83092-0AD4-493C-A299-59C3284677FE}.Debug|Any CPU.ActiveCfg = Debug|Any CPU
		{9AD83092-0AD4-493C-A299-59C3284677FE}.Debug|Any CPU.Build.0 = Debug|Any CPU
		{9AD83092-0AD4-493C-A299-59C3284677FE}.Release|Any CPU.ActiveCfg = Release|Any CPU
		{9AD83092-0AD4-493C-A299-59C3284677FE}.Release|Any CPU.Build.0 = Release|Any CPU
	EndGlobalSection
	GlobalSection(SolutionProperties) = preSolution
		HideSolutionNode = FALSE
	EndGlobalSection
	GlobalSection(ExtensibilityGlobals) = postSolution
		SolutionGuid = {EC5DFF8A-9458-4696-8BEF-855BD9B60DD0}
	EndGlobalSection
EndGlobal
