
Microsoft Visual Studio Solution File, Format Version 12.00
# Visual Studio Version 17
VisualStudioVersion = 17.14.36401.2
MinimumVisualStudioVersion = 10.0.40219.1
Project("{FAE04EC0-301F-11D3-BF4B-00C04F79EFBC}") = "CustomListClass", "CustomListClass\CustomListClass.csproj", "{8A52B504-5FB7-4EFB-AEA0-C1C6E304536B}"
EndProject
Project("{FAE04EC0-301F-11D3-BF4B-00C04F79EFBC}") = "CustomLinkedList", "CustomLinkedList\CustomLinkedList.csproj", "{1EC09F2A-06AB-48AB-957D-8233FB2B555A}"
EndProject
Project("{FAE04EC0-301F-11D3-BF4B-00C04F79EFBC}") = "CustomStack", "CustomStack\CustomStack.csproj", "{48BA59A7-2554-4E5D-B4BB-440E985AF0AF}"
EndProject
Project("{FAE04EC0-301F-11D3-BF4B-00C04F79EFBC}") = "CustomGenericLinkedList", "CustomGenericLinkedList\CustomGenericLinkedList.csproj", "{AB474282-9621-46B5-8EB4-952BED45017E}"
EndProject
Global
	GlobalSection(SolutionConfigurationPlatforms) = preSolution
		Debug|Any CPU = Debug|Any CPU
		Release|Any CPU = Release|Any CPU
	EndGlobalSection
	GlobalSection(ProjectConfigurationPlatforms) = postSolution
		{8A52B504-5FB7-4EFB-AEA0-C1C6E304536B}.Debug|Any CPU.ActiveCfg = Debug|Any CPU
		{8A52B504-5FB7-4EFB-AEA0-C1C6E304536B}.Debug|Any CPU.Build.0 = Debug|Any CPU
		{8A52B504-5FB7-4EFB-AEA0-C1C6E304536B}.Release|Any CPU.ActiveCfg = Release|Any CPU
		{8A52B504-5FB7-4EFB-AEA0-C1C6E304536B}.Release|Any CPU.Build.0 = Release|Any CPU
		{1EC09F2A-06AB-48AB-957D-8233FB2B555A}.Debug|Any CPU.ActiveCfg = Debug|Any CPU
		{1EC09F2A-06AB-48AB-957D-8233FB2B555A}.Debug|Any CPU.Build.0 = Debug|Any CPU
		{1EC09F2A-06AB-48AB-957D-8233FB2B555A}.Release|Any CPU.ActiveCfg = Release|Any CPU
		{1EC09F2A-06AB-48AB-957D-8233FB2B555A}.Release|Any CPU.Build.0 = Release|Any CPU
		{48BA59A7-2554-4E5D-B4BB-440E985AF0AF}.Debug|Any CPU.ActiveCfg = Debug|Any CPU
		{48BA59A7-2554-4E5D-B4BB-440E985AF0AF}.Debug|Any CPU.Build.0 = Debug|Any CPU
		{48BA59A7-2554-4E5D-B4BB-440E985AF0AF}.Release|Any CPU.ActiveCfg = Release|Any CPU
		{48BA59A7-2554-4E5D-B4BB-440E985AF0AF}.Release|Any CPU.Build.0 = Release|Any CPU
		{AB474282-9621-46B5-8EB4-952BED45017E}.Debug|Any CPU.ActiveCfg = Debug|Any CPU
		{AB474282-9621-46B5-8EB4-952BED45017E}.Debug|Any CPU.Build.0 = Debug|Any CPU
		{AB474282-9621-46B5-8EB4-952BED45017E}.Release|Any CPU.ActiveCfg = Release|Any CPU
		{AB474282-9621-46B5-8EB4-952BED45017E}.Release|Any CPU.Build.0 = Release|Any CPU
	EndGlobalSection
	GlobalSection(SolutionProperties) = preSolution
		HideSolutionNode = FALSE
	EndGlobalSection
	GlobalSection(ExtensibilityGlobals) = postSolution
		SolutionGuid = {5B0C5A24-D74C-4E3B-8E6B-D7BC112EEDFA}
	EndGlobalSection
EndGlobal
