
Microsoft Visual Studio Solution File, Format Version 12.00
# Visual Studio Version 17
VisualStudioVersion = 17.14.36401.2 d17.14
MinimumVisualStudioVersion = 10.0.40219.1
Project("{FAE04EC0-301F-11D3-BF4B-00C04F79EFBC}") = "MathOperation", "MathOperation\MathOperation.csproj", "{894DA58F-1ACF-41A5-9286-9C1BBC60FDDA}"
EndProject
Project("{FAE04EC0-301F-11D3-BF4B-00C04F79EFBC}") = "Animals", "Animals\Animals.csproj", "{AB41434B-0B93-41B2-9C9D-CE07623AC7F1}"
EndProject
Project("{FAE04EC0-301F-11D3-BF4B-00C04F79EFBC}") = "Shapes", "Shapes\Shapes.csproj", "{4CD2FBF8-9527-4820-9EA2-0D4EFB95FB0F}"
EndProject
Global
	GlobalSection(SolutionConfigurationPlatforms) = preSolution
		Debug|Any CPU = Debug|Any CPU
		Release|Any CPU = Release|Any CPU
	EndGlobalSection
	GlobalSection(ProjectConfigurationPlatforms) = postSolution
		{894DA58F-1ACF-41A5-9286-9C1BBC60FDDA}.Debug|Any CPU.ActiveCfg = Debug|Any CPU
		{894DA58F-1ACF-41A5-9286-9C1BBC60FDDA}.Debug|Any CPU.Build.0 = Debug|Any CPU
		{894DA58F-1ACF-41A5-9286-9C1BBC60FDDA}.Release|Any CPU.ActiveCfg = Release|Any CPU
		{894DA58F-1ACF-41A5-9286-9C1BBC60FDDA}.Release|Any CPU.Build.0 = Release|Any CPU
		{AB41434B-0B93-41B2-9C9D-CE07623AC7F1}.Debug|Any CPU.ActiveCfg = Debug|Any CPU
		{AB41434B-0B93-41B2-9C9D-CE07623AC7F1}.Debug|Any CPU.Build.0 = Debug|Any CPU
		{AB41434B-0B93-41B2-9C9D-CE07623AC7F1}.Release|Any CPU.ActiveCfg = Release|Any CPU
		{AB41434B-0B93-41B2-9C9D-CE07623AC7F1}.Release|Any CPU.Build.0 = Release|Any CPU
		{4CD2FBF8-9527-4820-9EA2-0D4EFB95FB0F}.Debug|Any CPU.ActiveCfg = Debug|Any CPU
		{4CD2FBF8-9527-4820-9EA2-0D4EFB95FB0F}.Debug|Any CPU.Build.0 = Debug|Any CPU
		{4CD2FBF8-9527-4820-9EA2-0D4EFB95FB0F}.Release|Any CPU.ActiveCfg = Release|Any CPU
		{4CD2FBF8-9527-4820-9EA2-0D4EFB95FB0F}.Release|Any CPU.Build.0 = Release|Any CPU
	EndGlobalSection
	GlobalSection(SolutionProperties) = preSolution
		HideSolutionNode = FALSE
	EndGlobalSection
	GlobalSection(ExtensibilityGlobals) = postSolution
		SolutionGuid = {4172C0A0-6C1A-4E63-B6BE-73639A8CF4AE}
	EndGlobalSection
EndGlobal
