
Microsoft Visual Studio Solution File, Format Version 12.00
# Visual Studio Version 17
VisualStudioVersion = 17.14.36401.2
MinimumVisualStudioVersion = 10.0.40219.1
Project("{FAE04EC0-301F-11D3-BF4B-00C04F79EFBC}") = "01.DiagonalDifference", "01.DiagonalDifference\01.DiagonalDifference.csproj", "{913D0D9A-AB8F-4BA4-962D-BAD195E29D0C}"
EndProject
Project("{FAE04EC0-301F-11D3-BF4B-00C04F79EFBC}") = "02.SquaresInMatrix", "02.SquaresInMatrix\02.SquaresInMatrix.csproj", "{11D7FD59-06EC-4EC9-BBD0-152D880E7DD0}"
EndProject
Project("{FAE04EC0-301F-11D3-BF4B-00C04F79EFBC}") = "03.MaximalSum", "03.MaximalSum\03.MaximalSum.csproj", "{5EBECCD7-5829-4721-97E4-972998F554D7}"
EndProject
Project("{FAE04EC0-301F-11D3-BF4B-00C04F79EFBC}") = "05.SnakeMoves", "05.SnakeMoves\05.SnakeMoves.csproj", "{89B0AFE4-1D01-4CB1-AE1E-F4F2BDB46CD3}"
EndProject
Project("{FAE04EC0-301F-11D3-BF4B-00C04F79EFBC}") = "07.KnightGame", "07.KnightGame\07.KnightGame.csproj", "{F65D99C0-8553-4023-A6BF-B1D622A52598}"
EndProject
Project("{FAE04EC0-301F-11D3-BF4B-00C04F79EFBC}") = "09.Miner", "09.Miner\09.Miner.csproj", "{0EA32332-ED0C-4908-8479-01E8D29EA1B1}"
EndProject
Project("{FAE04EC0-301F-11D3-BF4B-00C04F79EFBC}") = "04.MatrixShuffling", "04.MatrixShuffling\04.MatrixShuffling.csproj", "{C9575515-9BE5-41D1-8921-1ADBF64D0ACB}"
EndProject
Project("{FAE04EC0-301F-11D3-BF4B-00C04F79EFBC}") = "06.JaggedArrayManipulator", "06.JaggedArrayManipulator\06.JaggedArrayManipulator.csproj", "{A84F22B9-31DF-432C-B1B6-390A4D50B071}"
EndProject
Project("{FAE04EC0-301F-11D3-BF4B-00C04F79EFBC}") = "08.Bombs", "08.Bombs\08.Bombs.csproj", "{3191561D-A21E-409A-BCDC-CC52B524A6DB}"
EndProject
Global
	GlobalSection(SolutionConfigurationPlatforms) = preSolution
		Debug|Any CPU = Debug|Any CPU
		Release|Any CPU = Release|Any CPU
	EndGlobalSection
	GlobalSection(ProjectConfigurationPlatforms) = postSolution
		{913D0D9A-AB8F-4BA4-962D-BAD195E29D0C}.Debug|Any CPU.ActiveCfg = Debug|Any CPU
		{913D0D9A-AB8F-4BA4-962D-BAD195E29D0C}.Debug|Any CPU.Build.0 = Debug|Any CPU
		{913D0D9A-AB8F-4BA4-962D-BAD195E29D0C}.Release|Any CPU.ActiveCfg = Release|Any CPU
		{913D0D9A-AB8F-4BA4-962D-BAD195E29D0C}.Release|Any CPU.Build.0 = Release|Any CPU
		{11D7FD59-06EC-4EC9-BBD0-152D880E7DD0}.Debug|Any CPU.ActiveCfg = Debug|Any CPU
		{11D7FD59-06EC-4EC9-BBD0-152D880E7DD0}.Debug|Any CPU.Build.0 = Debug|Any CPU
		{11D7FD59-06EC-4EC9-BBD0-152D880E7DD0}.Release|Any CPU.ActiveCfg = Release|Any CPU
		{11D7FD59-06EC-4EC9-BBD0-152D880E7DD0}.Release|Any CPU.Build.0 = Release|Any CPU
		{5EBECCD7-5829-4721-97E4-972998F554D7}.Debug|Any CPU.ActiveCfg = Debug|Any CPU
		{5EBECCD7-5829-4721-97E4-972998F554D7}.Debug|Any CPU.Build.0 = Debug|Any CPU
		{5EBECCD7-5829-4721-97E4-972998F554D7}.Release|Any CPU.ActiveCfg = Release|Any CPU
		{5EBECCD7-5829-4721-97E4-972998F554D7}.Release|Any CPU.Build.0 = Release|Any CPU
		{89B0AFE4-1D01-4CB1-AE1E-F4F2BDB46CD3}.Debug|Any CPU.ActiveCfg = Debug|Any CPU
		{89B0AFE4-1D01-4CB1-AE1E-F4F2BDB46CD3}.Debug|Any CPU.Build.0 = Debug|Any CPU
		{89B0AFE4-1D01-4CB1-AE1E-F4F2BDB46CD3}.Release|Any CPU.ActiveCfg = Release|Any CPU
		{89B0AFE4-1D01-4CB1-AE1E-F4F2BDB46CD3}.Release|Any CPU.Build.0 = Release|Any CPU
		{F65D99C0-8553-4023-A6BF-B1D622A52598}.Debug|Any CPU.ActiveCfg = Debug|Any CPU
		{F65D99C0-8553-4023-A6BF-B1D622A52598}.Debug|Any CPU.Build.0 = Debug|Any CPU
		{F65D99C0-8553-4023-A6BF-B1D622A52598}.Release|Any CPU.ActiveCfg = Release|Any CPU
		{F65D99C0-8553-4023-A6BF-B1D622A52598}.Release|Any CPU.Build.0 = Release|Any CPU
		{0EA32332-ED0C-4908-8479-01E8D29EA1B1}.Debug|Any CPU.ActiveCfg = Debug|Any CPU
		{0EA32332-ED0C-4908-8479-01E8D29EA1B1}.Debug|Any CPU.Build.0 = Debug|Any CPU
		{0EA32332-ED0C-4908-8479-01E8D29EA1B1}.Release|Any CPU.ActiveCfg = Release|Any CPU
		{0EA32332-ED0C-4908-8479-01E8D29EA1B1}.Release|Any CPU.Build.0 = Release|Any CPU
		{C9575515-9BE5-41D1-8921-1ADBF64D0ACB}.Debug|Any CPU.ActiveCfg = Debug|Any CPU
		{C9575515-9BE5-41D1-8921-1ADBF64D0ACB}.Debug|Any CPU.Build.0 = Debug|Any CPU
		{C9575515-9BE5-41D1-8921-1ADBF64D0ACB}.Release|Any CPU.ActiveCfg = Release|Any CPU
		{C9575515-9BE5-41D1-8921-1ADBF64D0ACB}.Release|Any CPU.Build.0 = Release|Any CPU
		{A84F22B9-31DF-432C-B1B6-390A4D50B071}.Debug|Any CPU.ActiveCfg = Debug|Any CPU
		{A84F22B9-31DF-432C-B1B6-390A4D50B071}.Debug|Any CPU.Build.0 = Debug|Any CPU
		{A84F22B9-31DF-432C-B1B6-390A4D50B071}.Release|Any CPU.ActiveCfg = Release|Any CPU
		{A84F22B9-31DF-432C-B1B6-390A4D50B071}.Release|Any CPU.Build.0 = Release|Any CPU
		{3191561D-A21E-409A-BCDC-CC52B524A6DB}.Debug|Any CPU.ActiveCfg = Debug|Any CPU
		{3191561D-A21E-409A-BCDC-CC52B524A6DB}.Debug|Any CPU.Build.0 = Debug|Any CPU
		{3191561D-A21E-409A-BCDC-CC52B524A6DB}.Release|Any CPU.ActiveCfg = Release|Any CPU
		{3191561D-A21E-409A-BCDC-CC52B524A6DB}.Release|Any CPU.Build.0 = Release|Any CPU
	EndGlobalSection
	GlobalSection(SolutionProperties) = preSolution
		HideSolutionNode = FALSE
	EndGlobalSection
	GlobalSection(ExtensibilityGlobals) = postSolution
		SolutionGuid = {FFBDC0B0-5C71-4807-B93D-10E71C364A53}
	EndGlobalSection
EndGlobal
