
Microsoft Visual Studio Solution File, Format Version 12.00
# Visual Studio Version 17
VisualStudioVersion = 17.14.36401.2 d17.14
MinimumVisualStudioVersion = 10.0.40219.1
Project("{FAE04EC0-301F-11D3-BF4B-00C04F79EFBC}") = "01.DiagonalDifference", "01.DiagonalDifference\01.DiagonalDifference.csproj", "{913D0D9A-AB8F-4BA4-962D-BAD195E29D0C}"
EndProject
Project("{FAE04EC0-301F-11D3-BF4B-00C04F79EFBC}") = "02.SquaresInMatrix", "02.SquaresInMatrix\02.SquaresInMatrix.csproj", "{11D7FD59-06EC-4EC9-BBD0-152D880E7DD0}"
EndProject
Global
	GlobalSection(SolutionConfigurationPlatforms) = preSolution
		Debug|Any CPU = Debug|Any CPU
		Release|Any CPU = Release|Any CPU
	EndGlobalSection
	GlobalSection(ProjectConfigurationPlatforms) = postSolution
		{913D0D9A-AB8F-4BA4-962D-BAD195E29D0C}.Debug|Any CPU.ActiveCfg = Debug|Any CPU
		{913D0D9A-AB8F-4BA4-962D-BAD195E29D0C}.Debug|Any CPU.Build.0 = Debug|Any CPU
		{913D0D9A-AB8F-4BA4-962D-BAD195E29D0C}.Release|Any CPU.ActiveCfg = Release|Any CPU
		{913D0D9A-AB8F-4BA4-962D-BAD195E29D0C}.Release|Any CPU.Build.0 = Release|Any CPU
		{11D7FD59-06EC-4EC9-BBD0-152D880E7DD0}.Debug|Any CPU.ActiveCfg = Debug|Any CPU
		{11D7FD59-06EC-4EC9-BBD0-152D880E7DD0}.Debug|Any CPU.Build.0 = Debug|Any CPU
		{11D7FD59-06EC-4EC9-BBD0-152D880E7DD0}.Release|Any CPU.ActiveCfg = Release|Any CPU
		{11D7FD59-06EC-4EC9-BBD0-152D880E7DD0}.Release|Any CPU.Build.0 = Release|Any CPU
	EndGlobalSection
	GlobalSection(SolutionProperties) = preSolution
		HideSolutionNode = FALSE
	EndGlobalSection
	GlobalSection(ExtensibilityGlobals) = postSolution
		SolutionGuid = {FFBDC0B0-5C71-4807-B93D-10E71C364A53}
	EndGlobalSection
EndGlobal
