
Microsoft Visual Studio Solution File, Format Version 12.00
# Visual Studio Version 17
VisualStudioVersion = 17.14.36401.2
MinimumVisualStudioVersion = 10.0.40219.1
Project("{FAE04EC0-301F-11D3-BF4B-00C04F79EFBC}") = "01.UniqueUsernames", "01.UniqueUsernames\01.UniqueUsernames.csproj", "{BB8E7EDC-9ED1-4F2D-AD1E-95C19E244A40}"
EndProject
Project("{FAE04EC0-301F-11D3-BF4B-00C04F79EFBC}") = "02.SetsOfElements", "02.SetsOfElements\02.SetsOfElements.csproj", "{0B3BD104-7EC6-4AFD-B0D5-F3BBE906EA8D}"
EndProject
Project("{FAE04EC0-301F-11D3-BF4B-00C04F79EFBC}") = "03.PeriodicTable", "03.PeriodicTable\03.PeriodicTable.csproj", "{54B85571-FCFE-4849-AF84-35D55192CEC5}"
EndProject
Project("{FAE04EC0-301F-11D3-BF4B-00C04F79EFBC}") = "04.EvenTimes", "04.EvenTimes\04.EvenTimes.csproj", "{9AD83092-0AD4-493C-A299-59C3284677FE}"
EndProject
Project("{FAE04EC0-301F-11D3-BF4B-00C04F79EFBC}") = "05.CountSymbols", "05.CountSymbols\05.CountSymbols.csproj", "{2F8DEDEA-7EAE-41C4-AD8C-04282777EAE9}"
EndProject
Project("{FAE04EC0-301F-11D3-BF4B-00C04F79EFBC}") = "06.Wardrobe", "05.Wardrobe\06.Wardrobe.csproj", "{C7BFD37A-68AD-400A-BFE5-B930949B0EDA}"
EndProject
Project("{FAE04EC0-301F-11D3-BF4B-00C04F79EFBC}") = "07.TheVLogger", "07.TheVLogger\07.TheVLogger.csproj", "{A77A4172-103B-4B7A-8187-57BCF80A796C}"
EndProject
Project("{FAE04EC0-301F-11D3-BF4B-00C04F79EFBC}") = "09.SoftUniExamResults", "09.SoftUniExamResults\09.SoftUniExamResults.csproj", "{130BA550-16D0-4628-8D50-8302E516D996}"
EndProject
Project("{FAE04EC0-301F-11D3-BF4B-00C04F79EFBC}") = "08.Ranking", "08.Ranking\08.Ranking.csproj", "{5CF1BC3B-0D11-4BA8-9AC2-E9C4DFE73CF2}"
EndProject
Project("{FAE04EC0-301F-11D3-BF4B-00C04F79EFBC}") = "10.ForceBook", "10.ForceBook\10.ForceBook.csproj", "{BCF2F35B-1DB9-45EE-81E6-CA3F4E25CC51}"
EndProject
Global
	GlobalSection(SolutionConfigurationPlatforms) = preSolution
		Debug|Any CPU = Debug|Any CPU
		Release|Any CPU = Release|Any CPU
	EndGlobalSection
	GlobalSection(ProjectConfigurationPlatforms) = postSolution
		{BB8E7EDC-9ED1-4F2D-AD1E-95C19E244A40}.Debug|Any CPU.ActiveCfg = Debug|Any CPU
		{BB8E7EDC-9ED1-4F2D-AD1E-95C19E244A40}.Debug|Any CPU.Build.0 = Debug|Any CPU
		{BB8E7EDC-9ED1-4F2D-AD1E-95C19E244A40}.Release|Any CPU.ActiveCfg = Release|Any CPU
		{BB8E7EDC-9ED1-4F2D-AD1E-95C19E244A40}.Release|Any CPU.Build.0 = Release|Any CPU
		{0B3BD104-7EC6-4AFD-B0D5-F3BBE906EA8D}.Debug|Any CPU.ActiveCfg = Debug|Any CPU
		{0B3BD104-7EC6-4AFD-B0D5-F3BBE906EA8D}.Debug|Any CPU.Build.0 = Debug|Any CPU
		{0B3BD104-7EC6-4AFD-B0D5-F3BBE906EA8D}.Release|Any CPU.ActiveCfg = Release|Any CPU
		{0B3BD104-7EC6-4AFD-B0D5-F3BBE906EA8D}.Release|Any CPU.Build.0 = Release|Any CPU
		{54B85571-FCFE-4849-AF84-35D55192CEC5}.Debug|Any CPU.ActiveCfg = Debug|Any CPU
		{54B85571-FCFE-4849-AF84-35D55192CEC5}.Debug|Any CPU.Build.0 = Debug|Any CPU
		{54B85571-FCFE-4849-AF84-35D55192CEC5}.Release|Any CPU.ActiveCfg = Release|Any CPU
		{54B85571-FCFE-4849-AF84-35D55192CEC5}.Release|Any CPU.Build.0 = Release|Any CPU
		{9AD83092-0AD4-493C-A299-59C3284677FE}.Debug|Any CPU.ActiveCfg = Debug|Any CPU
		{9AD83092-0AD4-493C-A299-59C3284677FE}.Debug|Any CPU.Build.0 = Debug|Any CPU
		{9AD83092-0AD4-493C-A299-59C3284677FE}.Release|Any CPU.ActiveCfg = Release|Any CPU
		{9AD83092-0AD4-493C-A299-59C3284677FE}.Release|Any CPU.Build.0 = Release|Any CPU
		{2F8DEDEA-7EAE-41C4-AD8C-04282777EAE9}.Debug|Any CPU.ActiveCfg = Debug|Any CPU
		{2F8DEDEA-7EAE-41C4-AD8C-04282777EAE9}.Debug|Any CPU.Build.0 = Debug|Any CPU
		{2F8DEDEA-7EAE-41C4-AD8C-04282777EAE9}.Release|Any CPU.ActiveCfg = Release|Any CPU
		{2F8DEDEA-7EAE-41C4-AD8C-04282777EAE9}.Release|Any CPU.Build.0 = Release|Any CPU
		{C7BFD37A-68AD-400A-BFE5-B930949B0EDA}.Debug|Any CPU.ActiveCfg = Debug|Any CPU
		{C7BFD37A-68AD-400A-BFE5-B930949B0EDA}.Debug|Any CPU.Build.0 = Debug|Any CPU
		{C7BFD37A-68AD-400A-BFE5-B930949B0EDA}.Release|Any CPU.ActiveCfg = Release|Any CPU
		{C7BFD37A-68AD-400A-BFE5-B930949B0EDA}.Release|Any CPU.Build.0 = Release|Any CPU
		{A77A4172-103B-4B7A-8187-57BCF80A796C}.Debug|Any CPU.ActiveCfg = Debug|Any CPU
		{A77A4172-103B-4B7A-8187-57BCF80A796C}.Debug|Any CPU.Build.0 = Debug|Any CPU
		{A77A4172-103B-4B7A-8187-57BCF80A796C}.Release|Any CPU.ActiveCfg = Release|Any CPU
		{A77A4172-103B-4B7A-8187-57BCF80A796C}.Release|Any CPU.Build.0 = Release|Any CPU
		{130BA550-16D0-4628-8D50-8302E516D996}.Debug|Any CPU.ActiveCfg = Debug|Any CPU
		{130BA550-16D0-4628-8D50-8302E516D996}.Debug|Any CPU.Build.0 = Debug|Any CPU
		{130BA550-16D0-4628-8D50-8302E516D996}.Release|Any CPU.ActiveCfg = Release|Any CPU
		{130BA550-16D0-4628-8D50-8302E516D996}.Release|Any CPU.Build.0 = Release|Any CPU
		{5CF1BC3B-0D11-4BA8-9AC2-E9C4DFE73CF2}.Debug|Any CPU.ActiveCfg = Debug|Any CPU
		{5CF1BC3B-0D11-4BA8-9AC2-E9C4DFE73CF2}.Debug|Any CPU.Build.0 = Debug|Any CPU
		{5CF1BC3B-0D11-4BA8-9AC2-E9C4DFE73CF2}.Release|Any CPU.ActiveCfg = Release|Any CPU
		{5CF1BC3B-0D11-4BA8-9AC2-E9C4DFE73CF2}.Release|Any CPU.Build.0 = Release|Any CPU
		{BCF2F35B-1DB9-45EE-81E6-CA3F4E25CC51}.Debug|Any CPU.ActiveCfg = Debug|Any CPU
		{BCF2F35B-1DB9-45EE-81E6-CA3F4E25CC51}.Debug|Any CPU.Build.0 = Debug|Any CPU
		{BCF2F35B-1DB9-45EE-81E6-CA3F4E25CC51}.Release|Any CPU.ActiveCfg = Release|Any CPU
		{BCF2F35B-1DB9-45EE-81E6-CA3F4E25CC51}.Release|Any CPU.Build.0 = Release|Any CPU
	EndGlobalSection
	GlobalSection(SolutionProperties) = preSolution
		HideSolutionNode = FALSE
	EndGlobalSection
	GlobalSection(ExtensibilityGlobals) = postSolution
		SolutionGuid = {EC5DFF8A-9458-4696-8BEF-855BD9B60DD0}
	EndGlobalSection
EndGlobal
