
Microsoft Visual Studio Solution File, Format Version 12.00
# Visual Studio Version 17
VisualStudioVersion = 17.13.35919.96
MinimumVisualStudioVersion = 10.0.40219.1
Project("{FAE04EC0-301F-11D3-BF4B-00C04F79EFBC}") = "MusicLibrary", "MusicLibrary\MusicLibrary.csproj", "{B7A5210F-8047-4F99-803C-C62806C21B6F}"
EndProject
Global
	GlobalSection(SolutionConfigurationPlatforms) = preSolution
		Debug|Any CPU = Debug|Any CPU
		Release|Any CPU = Release|Any CPU
	EndGlobalSection
	GlobalSection(ProjectConfigurationPlatforms) = postSolution
		{B7A5210F-8047-4F99-803C-C62806C21B6F}.Debug|Any CPU.ActiveCfg = Debug|Any CPU
		{B7A5210F-8047-4F99-803C-C62806C21B6F}.Debug|Any CPU.Build.0 = Debug|Any CPU
		{B7A5210F-8047-4F99-803C-C62806C21B6F}.Release|Any CPU.ActiveCfg = Release|Any CPU
		{B7A5210F-8047-4F99-803C-C62806C21B6F}.Release|Any CPU.Build.0 = Release|Any CPU
	EndGlobalSection
	GlobalSection(SolutionProperties) = preSolution
		HideSolutionNode = FALSE
	EndGlobalSection
	GlobalSection(ExtensibilityGlobals) = postSolution
		SolutionGuid = {AC97EB8D-36F6-4058-B4D0-9BFBA2C88F75}
	EndGlobalSection
EndGlobal
