
Microsoft Visual Studio Solution File, Format Version 12.00
# Visual Studio Version 17
VisualStudioVersion = 17.14.36401.2
MinimumVisualStudioVersion = 10.0.40219.1
Project("{FAE04EC0-301F-11D3-BF4B-00C04F79EFBC}") = "01.ClimbThePeeks", "01.ClimbThePeeks\01.ClimbThePeeks.csproj", "{E8AF2B15-6DB3-49F0-AD37-8559C9E5E936}"
EndProject
Project("{FAE04EC0-301F-11D3-BF4B-00C04F79EFBC}") = "02.BombHasBeenPlanted", "02.BombHasBeenPlanted\02.BombHasBeenPlanted.csproj", "{50324CA0-4CD1-4684-B1D5-4547C07ED53C}"
EndProject
Project("{FAE04EC0-301F-11D3-BF4B-00C04F79EFBC}") = "03.DataCenter", "03.DataCenter\03.DataCenter.csproj", "{10042D07-6EC6-4A52-8356-6CE50E5EC7C0}"
EndProject
Global
	GlobalSection(SolutionConfigurationPlatforms) = preSolution
		Debug|Any CPU = Debug|Any CPU
		Release|Any CPU = Release|Any CPU
	EndGlobalSection
	GlobalSection(ProjectConfigurationPlatforms) = postSolution
		{E8AF2B15-6DB3-49F0-AD37-8559C9E5E936}.Debug|Any CPU.ActiveCfg = Debug|Any CPU
		{E8AF2B15-6DB3-49F0-AD37-8559C9E5E936}.Debug|Any CPU.Build.0 = Debug|Any CPU
		{E8AF2B15-6DB3-49F0-AD37-8559C9E5E936}.Release|Any CPU.ActiveCfg = Release|Any CPU
		{E8AF2B15-6DB3-49F0-AD37-8559C9E5E936}.Release|Any CPU.Build.0 = Release|Any CPU
		{50324CA0-4CD1-4684-B1D5-4547C07ED53C}.Debug|Any CPU.ActiveCfg = Debug|Any CPU
		{50324CA0-4CD1-4684-B1D5-4547C07ED53C}.Debug|Any CPU.Build.0 = Debug|Any CPU
		{50324CA0-4CD1-4684-B1D5-4547C07ED53C}.Release|Any CPU.ActiveCfg = Release|Any CPU
		{50324CA0-4CD1-4684-B1D5-4547C07ED53C}.Release|Any CPU.Build.0 = Release|Any CPU
		{10042D07-6EC6-4A52-8356-6CE50E5EC7C0}.Debug|Any CPU.ActiveCfg = Debug|Any CPU
		{10042D07-6EC6-4A52-8356-6CE50E5EC7C0}.Debug|Any CPU.Build.0 = Debug|Any CPU
		{10042D07-6EC6-4A52-8356-6CE50E5EC7C0}.Release|Any CPU.ActiveCfg = Release|Any CPU
		{10042D07-6EC6-4A52-8356-6CE50E5EC7C0}.Release|Any CPU.Build.0 = Release|Any CPU
	EndGlobalSection
	GlobalSection(SolutionProperties) = preSolution
		HideSolutionNode = FALSE
	EndGlobalSection
	GlobalSection(ExtensibilityGlobals) = postSolution
		SolutionGuid = {31A47516-1A67-40E0-BFA4-E9B110759F4A}
	EndGlobalSection
EndGlobal
